// !$*UTF8*$!
{
	archiveVersion = 1;
	classes = {
	};
	objectVersion = 51;
	objects = {

/* Begin PBXBuildFile section */
		01327B1D2280771500F442A5 /* PillReminderViewController.m in Sources */ = {isa = PBXBuildFile; fileRef = 01327B1C2280771500F442A5 /* PillReminderViewController.m */; };
		014A8782216F43BB003453D6 /* DeviceScanCell.m in Sources */ = {isa = PBXBuildFile; fileRef = 014A8780216F43BB003453D6 /* DeviceScanCell.m */; };
		014A8783216F43BB003453D6 /* DeviceScanCell.xib in Resources */ = {isa = PBXBuildFile; fileRef = 014A8781216F43BB003453D6 /* DeviceScanCell.xib */; };
		014A8785216F4430003453D6 /* DeviceScanSectionView.xib in Resources */ = {isa = PBXBuildFile; fileRef = 014A8784216F4430003453D6 /* DeviceScanSectionView.xib */; };
		014A8788216F444F003453D6 /* DeviceScanSectionView.m in Sources */ = {isa = PBXBuildFile; fileRef = 014A8787216F444F003453D6 /* DeviceScanSectionView.m */; };
		0153A5FA2187191D00F61C09 /* DeviceConnectionCell.m in Sources */ = {isa = PBXBuildFile; fileRef = 0153A5F82187191D00F61C09 /* DeviceConnectionCell.m */; };
		0153A5FB2187191D00F61C09 /* DeviceConnectionCell.xib in Resources */ = {isa = PBXBuildFile; fileRef = 0153A5F92187191D00F61C09 /* DeviceConnectionCell.xib */; };
		0153A5FE218719BF00F61C09 /* ConnectAllViewController.m in Sources */ = {isa = PBXBuildFile; fileRef = 0153A5FD218719BF00F61C09 /* ConnectAllViewController.m */; };
		01DC5911270ED157009DAF1F /* ECGViewController.m in Sources */ = {isa = PBXBuildFile; fileRef = 01DC5910270ED157009DAF1F /* ECGViewController.m */; };
		01FDF98A27E899A000B52EFB /* GlucometerViewController.m in Sources */ = {isa = PBXBuildFile; fileRef = 01FDF98927E899A000B52EFB /* GlucometerViewController.m */; };
		1418500F20A557AA0000E097 /* AppDelegate.m in Sources */ = {isa = PBXBuildFile; fileRef = 1418500E20A557AA0000E097 /* AppDelegate.m */; };
		1418501820A557AA0000E097 /* Main.storyboard in Resources */ = {isa = PBXBuildFile; fileRef = 1418501620A557AA0000E097 /* Main.storyboard */; };
		1418501A20A557AE0000E097 /* Assets.xcassets in Resources */ = {isa = PBXBuildFile; fileRef = 1418501920A557AE0000E097 /* Assets.xcassets */; };
		1418501D20A557AE0000E097 /* LaunchScreen.storyboard in Resources */ = {isa = PBXBuildFile; fileRef = 1418501B20A557AE0000E097 /* LaunchScreen.storyboard */; };
		1418502020A557AE0000E097 /* main.m in Sources */ = {isa = PBXBuildFile; fileRef = 1418501F20A557AE0000E097 /* main.m */; };
		1418502920A558E10000E097 /* MenuViewController.m in Sources */ = {isa = PBXBuildFile; fileRef = 1418502820A558E10000E097 /* MenuViewController.m */; };
		1418503F20A567120000E097 /* BraceletViewController.m in Sources */ = {isa = PBXBuildFile; fileRef = 1418503120A567100000E097 /* BraceletViewController.m */; };
		1418504020A567120000E097 /* TensioBraceletViewController.m in Sources */ = {isa = PBXBuildFile; fileRef = 1418503320A567110000E097 /* TensioBraceletViewController.m */; };
		1418504120A567120000E097 /* OximeterViewController.m in Sources */ = {isa = PBXBuildFile; fileRef = 1418503420A567110000E097 /* OximeterViewController.m */; };
		1418504220A567120000E097 /* ThermometerViewController.m in Sources */ = {isa = PBXBuildFile; fileRef = 1418503620A567110000E097 /* ThermometerViewController.m */; };
		1418504320A567120000E097 /* BabyThermometerViewController.m in Sources */ = {isa = PBXBuildFile; fileRef = 1418503920A567110000E097 /* BabyThermometerViewController.m */; };
		1418504420A567120000E097 /* WSViewController.m in Sources */ = {isa = PBXBuildFile; fileRef = 1418503D20A567120000E097 /* WSViewController.m */; };
		1418504520A567120000E097 /* TensioViewController.m in Sources */ = {isa = PBXBuildFile; fileRef = 1418503E20A567120000E097 /* TensioViewController.m */; };
		580C668F2167676F00DC7F99 /* ScanViewController.m in Sources */ = {isa = PBXBuildFile; fileRef = 580C668E2167676F00DC7F99 /* ScanViewController.m */; };
		8414D42628196FBD00F825FA /* Pods_LifevitSDKSample.framework in Frameworks */ = {isa = PBXBuildFile; fileRef = F060692923F48C92D66A961D /* Pods_LifevitSDKSample.framework */; };
/* End PBXBuildFile section */

/* Begin PBXFileReference section */
		0108B84A270C67C300257359 /* LifevitSDKSample-Bridging-Header.h */ = {isa = PBXFileReference; lastKnownFileType = sourcecode.c.h; path = "LifevitSDKSample-Bridging-Header.h"; sourceTree = "<group>"; };
		01327B1B2280771500F442A5 /* PillReminderViewController.h */ = {isa = PBXFileReference; lastKnownFileType = sourcecode.c.h; path = PillReminderViewController.h; sourceTree = "<group>"; };
		01327B1C2280771500F442A5 /* PillReminderViewController.m */ = {isa = PBXFileReference; lastKnownFileType = sourcecode.c.objc; path = PillReminderViewController.m; sourceTree = "<group>"; };
		014A877F216F43BB003453D6 /* DeviceScanCell.h */ = {isa = PBXFileReference; lastKnownFileType = sourcecode.c.h; path = DeviceScanCell.h; sourceTree = "<group>"; };
		014A8780216F43BB003453D6 /* DeviceScanCell.m */ = {isa = PBXFileReference; lastKnownFileType = sourcecode.c.objc; path = DeviceScanCell.m; sourceTree = "<group>"; };
		014A8781216F43BB003453D6 /* DeviceScanCell.xib */ = {isa = PBXFileReference; lastKnownFileType = file.xib; path = DeviceScanCell.xib; sourceTree = "<group>"; };
		014A8784216F4430003453D6 /* DeviceScanSectionView.xib */ = {isa = PBXFileReference; lastKnownFileType = file.xib; path = DeviceScanSectionView.xib; sourceTree = "<group>"; };
		014A8786216F444F003453D6 /* DeviceScanSectionView.h */ = {isa = PBXFileReference; lastKnownFileType = sourcecode.c.h; path = DeviceScanSectionView.h; sourceTree = "<group>"; };
		014A8787216F444F003453D6 /* DeviceScanSectionView.m */ = {isa = PBXFileReference; lastKnownFileType = sourcecode.c.objc; path = DeviceScanSectionView.m; sourceTree = "<group>"; };
		0153A5F72187191D00F61C09 /* DeviceConnectionCell.h */ = {isa = PBXFileReference; lastKnownFileType = sourcecode.c.h; path = DeviceConnectionCell.h; sourceTree = "<group>"; };
		0153A5F82187191D00F61C09 /* DeviceConnectionCell.m */ = {isa = PBXFileReference; lastKnownFileType = sourcecode.c.objc; path = DeviceConnectionCell.m; sourceTree = "<group>"; };
		0153A5F92187191D00F61C09 /* DeviceConnectionCell.xib */ = {isa = PBXFileReference; lastKnownFileType = file.xib; path = DeviceConnectionCell.xib; sourceTree = "<group>"; };
		0153A5FC218719BF00F61C09 /* ConnectAllViewController.h */ = {isa = PBXFileReference; lastKnownFileType = sourcecode.c.h; path = ConnectAllViewController.h; sourceTree = "<group>"; };
		0153A5FD218719BF00F61C09 /* ConnectAllViewController.m */ = {isa = PBXFileReference; lastKnownFileType = sourcecode.c.objc; path = ConnectAllViewController.m; sourceTree = "<group>"; };
		0153A6022187204800F61C09 /* PrefixHeader.pch */ = {isa = PBXFileReference; lastKnownFileType = sourcecode.c.h; path = PrefixHeader.pch; sourceTree = "<group>"; };
		01DC590F270ED157009DAF1F /* ECGViewController.h */ = {isa = PBXFileReference; lastKnownFileType = sourcecode.c.h; path = ECGViewController.h; sourceTree = "<group>"; };
		01DC5910270ED157009DAF1F /* ECGViewController.m */ = {isa = PBXFileReference; lastKnownFileType = sourcecode.c.objc; path = ECGViewController.m; sourceTree = "<group>"; };
		01FDF98827E899A000B52EFB /* GlucometerViewController.h */ = {isa = PBXFileReference; lastKnownFileType = sourcecode.c.h; path = GlucometerViewController.h; sourceTree = "<group>"; };
		01FDF98927E899A000B52EFB /* GlucometerViewController.m */ = {isa = PBXFileReference; lastKnownFileType = sourcecode.c.objc; path = GlucometerViewController.m; sourceTree = "<group>"; };
		1418500A20A557AA0000E097 /* LifevitSDKSample.app */ = {isa = PBXFileReference; explicitFileType = wrapper.application; includeInIndex = 0; path = LifevitSDKSample.app; sourceTree = BUILT_PRODUCTS_DIR; };
		1418500D20A557AA0000E097 /* AppDelegate.h */ = {isa = PBXFileReference; lastKnownFileType = sourcecode.c.h; path = AppDelegate.h; sourceTree = "<group>"; };
		1418500E20A557AA0000E097 /* AppDelegate.m */ = {isa = PBXFileReference; lastKnownFileType = sourcecode.c.objc; path = AppDelegate.m; sourceTree = "<group>"; };
		1418501720A557AA0000E097 /* Base */ = {isa = PBXFileReference; lastKnownFileType = file.storyboard; name = Base; path = Base.lproj/Main.storyboard; sourceTree = "<group>"; };
		1418501920A557AE0000E097 /* Assets.xcassets */ = {isa = PBXFileReference; lastKnownFileType = folder.assetcatalog; path = Assets.xcassets; sourceTree = "<group>"; };
		1418501C20A557AE0000E097 /* Base */ = {isa = PBXFileReference; lastKnownFileType = file.storyboard; name = Base; path = Base.lproj/LaunchScreen.storyboard; sourceTree = "<group>"; };
		1418501E20A557AE0000E097 /* Info.plist */ = {isa = PBXFileReference; lastKnownFileType = text.plist.xml; path = Info.plist; sourceTree = "<group>"; };
		1418501F20A557AE0000E097 /* main.m */ = {isa = PBXFileReference; lastKnownFileType = sourcecode.c.objc; path = main.m; sourceTree = "<group>"; };
		1418502720A558E10000E097 /* MenuViewController.h */ = {isa = PBXFileReference; lastKnownFileType = sourcecode.c.h; path = MenuViewController.h; sourceTree = "<group>"; };
		1418502820A558E10000E097 /* MenuViewController.m */ = {isa = PBXFileReference; lastKnownFileType = sourcecode.c.objc; path = MenuViewController.m; sourceTree = "<group>"; };
		1418503120A567100000E097 /* BraceletViewController.m */ = {isa = PBXFileReference; fileEncoding = 4; lastKnownFileType = sourcecode.c.objc; path = BraceletViewController.m; sourceTree = "<group>"; };
		1418503220A567110000E097 /* OximeterViewController.h */ = {isa = PBXFileReference; fileEncoding = 4; lastKnownFileType = sourcecode.c.h; path = OximeterViewController.h; sourceTree = "<group>"; };
		1418503320A567110000E097 /* TensioBraceletViewController.m */ = {isa = PBXFileReference; fileEncoding = 4; lastKnownFileType = sourcecode.c.objc; path = TensioBraceletViewController.m; sourceTree = "<group>"; };
		1418503420A567110000E097 /* OximeterViewController.m */ = {isa = PBXFileReference; fileEncoding = 4; lastKnownFileType = sourcecode.c.objc; path = OximeterViewController.m; sourceTree = "<group>"; };
		1418503520A567110000E097 /* BabyThermometerViewController.h */ = {isa = PBXFileReference; fileEncoding = 4; lastKnownFileType = sourcecode.c.h; path = BabyThermometerViewController.h; sourceTree = "<group>"; };
		1418503620A567110000E097 /* ThermometerViewController.m */ = {isa = PBXFileReference; fileEncoding = 4; lastKnownFileType = sourcecode.c.objc; path = ThermometerViewController.m; sourceTree = "<group>"; };
		1418503720A567110000E097 /* ThermometerViewController.h */ = {isa = PBXFileReference; fileEncoding = 4; lastKnownFileType = sourcecode.c.h; path = ThermometerViewController.h; sourceTree = "<group>"; };
		1418503820A567110000E097 /* TensioViewController.h */ = {isa = PBXFileReference; fileEncoding = 4; lastKnownFileType = sourcecode.c.h; path = TensioViewController.h; sourceTree = "<group>"; };
		1418503920A567110000E097 /* BabyThermometerViewController.m */ = {isa = PBXFileReference; fileEncoding = 4; lastKnownFileType = sourcecode.c.objc; path = BabyThermometerViewController.m; sourceTree = "<group>"; };
		1418503A20A567110000E097 /* BraceletViewController.h */ = {isa = PBXFileReference; fileEncoding = 4; lastKnownFileType = sourcecode.c.h; path = BraceletViewController.h; sourceTree = "<group>"; };
		1418503B20A567120000E097 /* WSViewController.h */ = {isa = PBXFileReference; fileEncoding = 4; lastKnownFileType = sourcecode.c.h; path = WSViewController.h; sourceTree = "<group>"; };
		1418503C20A567120000E097 /* TensioBraceletViewController.h */ = {isa = PBXFileReference; fileEncoding = 4; lastKnownFileType = sourcecode.c.h; path = TensioBraceletViewController.h; sourceTree = "<group>"; };
		1418503D20A567120000E097 /* WSViewController.m */ = {isa = PBXFileReference; fileEncoding = 4; lastKnownFileType = sourcecode.c.objc; path = WSViewController.m; sourceTree = "<group>"; };
		1418503E20A567120000E097 /* TensioViewController.m */ = {isa = PBXFileReference; fileEncoding = 4; lastKnownFileType = sourcecode.c.objc; path = TensioViewController.m; sourceTree = "<group>"; };
		2C8BB0A556BA8B56905FA10E /* Pods-LifevitSDKSample.release.xcconfig */ = {isa = PBXFileReference; includeInIndex = 1; lastKnownFileType = text.xcconfig; name = "Pods-LifevitSDKSample.release.xcconfig"; path = "Target Support Files/Pods-LifevitSDKSample/Pods-LifevitSDKSample.release.xcconfig"; sourceTree = "<group>"; };
		580C668D2167676F00DC7F99 /* ScanViewController.h */ = {isa = PBXFileReference; lastKnownFileType = sourcecode.c.h; path = ScanViewController.h; sourceTree = "<group>"; };
		580C668E2167676F00DC7F99 /* ScanViewController.m */ = {isa = PBXFileReference; lastKnownFileType = sourcecode.c.objc; path = ScanViewController.m; sourceTree = "<group>"; };
		EC2393BE284E8F6147817B7D /* Pods-LifevitSDKSample.debug.xcconfig */ = {isa = PBXFileReference; includeInIndex = 1; lastKnownFileType = text.xcconfig; name = "Pods-LifevitSDKSample.debug.xcconfig"; path = "Target Support Files/Pods-LifevitSDKSample/Pods-LifevitSDKSample.debug.xcconfig"; sourceTree = "<group>"; };
		F060692923F48C92D66A961D /* Pods_LifevitSDKSample.framework */ = {isa = PBXFileReference; explicitFileType = wrapper.framework; includeInIndex = 0; path = Pods_LifevitSDKSample.framework; sourceTree = BUILT_PRODUCTS_DIR; };
/* End PBXFileReference section */

/* Begin PBXFrameworksBuildPhase section */
		1418500720A557AA0000E097 /* Frameworks */ = {
			isa = PBXFrameworksBuildPhase;
			buildActionMask = 2147483647;
			files = (
				8414D42628196FBD00F825FA /* Pods_LifevitSDKSample.framework in Frameworks */,
			);
			runOnlyForDeploymentPostprocessing = 0;
		};
/* End PBXFrameworksBuildPhase section */

/* Begin PBXGroup section */
		014A877E216F439F003453D6 /* Cells */ = {
			isa = PBXGroup;
			children = (
				014A877F216F43BB003453D6 /* DeviceScanCell.h */,
				014A8780216F43BB003453D6 /* DeviceScanCell.m */,
				014A8781216F43BB003453D6 /* DeviceScanCell.xib */,
				014A8786216F444F003453D6 /* DeviceScanSectionView.h */,
				014A8787216F444F003453D6 /* DeviceScanSectionView.m */,
				014A8784216F4430003453D6 /* DeviceScanSectionView.xib */,
				0153A5F72187191D00F61C09 /* DeviceConnectionCell.h */,
				0153A5F82187191D00F61C09 /* DeviceConnectionCell.m */,
				0153A5F92187191D00F61C09 /* DeviceConnectionCell.xib */,
			);
			path = Cells;
			sourceTree = "<group>";
		};
		1418500120A557AA0000E097 = {
			isa = PBXGroup;
			children = (
				1418500C20A557AA0000E097 /* LifevitSDKSample */,
				1418500B20A557AA0000E097 /* Products */,
				FA065F82BEFE0E2ED2CD0E10 /* Pods */,
				469A141626C7CA5A71419769 /* Frameworks */,
			);
			sourceTree = "<group>";
		};
		1418500B20A557AA0000E097 /* Products */ = {
			isa = PBXGroup;
			children = (
				1418500A20A557AA0000E097 /* LifevitSDKSample.app */,
			);
			name = Products;
			sourceTree = "<group>";
		};
		1418500C20A557AA0000E097 /* LifevitSDKSample */ = {
			isa = PBXGroup;
			children = (
				014A877E216F439F003453D6 /* Cells */,
				1418502620A558CC0000E097 /* Controllers */,
				0108B84A270C67C300257359 /* LifevitSDKSample-Bridging-Header.h */,
				1418500D20A557AA0000E097 /* AppDelegate.h */,
				1418500E20A557AA0000E097 /* AppDelegate.m */,
				0153A6022187204800F61C09 /* PrefixHeader.pch */,
				1418501620A557AA0000E097 /* Main.storyboard */,
				1418501920A557AE0000E097 /* Assets.xcassets */,
				1418501B20A557AE0000E097 /* LaunchScreen.storyboard */,
				1418501E20A557AE0000E097 /* Info.plist */,
				1418501F20A557AE0000E097 /* main.m */,
			);
			path = LifevitSDKSample;
			sourceTree = "<group>";
		};
		1418502620A558CC0000E097 /* Controllers */ = {
			isa = PBXGroup;
			children = (
				1418503520A567110000E097 /* BabyThermometerViewController.h */,
				1418503920A567110000E097 /* BabyThermometerViewController.m */,
				1418503A20A567110000E097 /* BraceletViewController.h */,
				1418503120A567100000E097 /* BraceletViewController.m */,
				0153A5FC218719BF00F61C09 /* ConnectAllViewController.h */,
				0153A5FD218719BF00F61C09 /* ConnectAllViewController.m */,
				1418502720A558E10000E097 /* MenuViewController.h */,
				1418502820A558E10000E097 /* MenuViewController.m */,
				1418503220A567110000E097 /* OximeterViewController.h */,
				1418503420A567110000E097 /* OximeterViewController.m */,
				01FDF98827E899A000B52EFB /* GlucometerViewController.h */,
				01FDF98927E899A000B52EFB /* GlucometerViewController.m */,
				01327B1B2280771500F442A5 /* PillReminderViewController.h */,
				01327B1C2280771500F442A5 /* PillReminderViewController.m */,
				580C668D2167676F00DC7F99 /* ScanViewController.h */,
				580C668E2167676F00DC7F99 /* ScanViewController.m */,
				1418503C20A567120000E097 /* TensioBraceletViewController.h */,
				1418503320A567110000E097 /* TensioBraceletViewController.m */,
				1418503820A567110000E097 /* TensioViewController.h */,
				1418503E20A567120000E097 /* TensioViewController.m */,
				1418503720A567110000E097 /* ThermometerViewController.h */,
				1418503620A567110000E097 /* ThermometerViewController.m */,
				1418503B20A567120000E097 /* WSViewController.h */,
				1418503D20A567120000E097 /* WSViewController.m */,
				01DC590F270ED157009DAF1F /* ECGViewController.h */,
				01DC5910270ED157009DAF1F /* ECGViewController.m */,
			);
			path = Controllers;
			sourceTree = "<group>";
		};
		469A141626C7CA5A71419769 /* Frameworks */ = {
			isa = PBXGroup;
			children = (
				F060692923F48C92D66A961D /* Pods_LifevitSDKSample.framework */,
			);
			name = Frameworks;
			sourceTree = "<group>";
		};
		FA065F82BEFE0E2ED2CD0E10 /* Pods */ = {
			isa = PBXGroup;
			children = (
				EC2393BE284E8F6147817B7D /* Pods-LifevitSDKSample.debug.xcconfig */,
				2C8BB0A556BA8B56905FA10E /* Pods-LifevitSDKSample.release.xcconfig */,
			);
			path = Pods;
			sourceTree = "<group>";
		};
/* End PBXGroup section */

/* Begin PBXNativeTarget section */
		1418500920A557AA0000E097 /* LifevitSDKSample */ = {
			isa = PBXNativeTarget;
			buildConfigurationList = 1418502320A557AE0000E097 /* Build configuration list for PBXNativeTarget "LifevitSDKSample" */;
			buildPhases = (
				3773161B1FFFCEA4AB240D56 /* [CP] Check Pods Manifest.lock */,
				1418500620A557AA0000E097 /* Sources */,
				1418500720A557AA0000E097 /* Frameworks */,
				1418500820A557AA0000E097 /* Resources */,
				146564C723D6090E00A3DD5D /* ShellScript */,
				46E3413B6A2F8527F81E0E7A /* [CP] Embed Pods Frameworks */,
			);
			buildRules = (
			);
			dependencies = (
			);
			name = LifevitSDKSample;
			productName = LifevitSDKSample;
			productReference = 1418500A20A557AA0000E097 /* LifevitSDKSample.app */;
			productType = "com.apple.product-type.application";
		};
/* End PBXNativeTarget section */

/* Begin PBXProject section */
		1418500220A557AA0000E097 /* Project object */ = {
			isa = PBXProject;
			attributes = {
				LastUpgradeCheck = 1300;
				ORGANIZATIONNAME = Lifevit;
				TargetAttributes = {
					1418500920A557AA0000E097 = {
						CreatedOnToolsVersion = 9.3;
						LastSwiftMigration = 1300;
						SystemCapabilities = {
							com.apple.BackgroundModes = {
								enabled = 1;
							};
						};
					};
				};
			};
			buildConfigurationList = 1418500520A557AA0000E097 /* Build configuration list for PBXProject "LifevitSDKSample" */;
			compatibilityVersion = "Xcode 9.3";
			developmentRegion = en;
			hasScannedForEncodings = 0;
			knownRegions = (
				en,
				Base,
			);
			mainGroup = 1418500120A557AA0000E097;
			productRefGroup = 1418500B20A557AA0000E097 /* Products */;
			projectDirPath = "";
			projectRoot = "";
			targets = (
				1418500920A557AA0000E097 /* LifevitSDKSample */,
			);
		};
/* End PBXProject section */

/* Begin PBXResourcesBuildPhase section */
		1418500820A557AA0000E097 /* Resources */ = {
			isa = PBXResourcesBuildPhase;
			buildActionMask = 2147483647;
			files = (
				014A8783216F43BB003453D6 /* DeviceScanCell.xib in Resources */,
				1418501D20A557AE0000E097 /* LaunchScreen.storyboard in Resources */,
				1418501A20A557AE0000E097 /* Assets.xcassets in Resources */,
				014A8785216F4430003453D6 /* DeviceScanSectionView.xib in Resources */,
				1418501820A557AA0000E097 /* Main.storyboard in Resources */,
				0153A5FB2187191D00F61C09 /* DeviceConnectionCell.xib in Resources */,
			);
			runOnlyForDeploymentPostprocessing = 0;
		};
/* End PBXResourcesBuildPhase section */

/* Begin PBXShellScriptBuildPhase section */
		146564C723D6090E00A3DD5D /* ShellScript */ = {
			isa = PBXShellScriptBuildPhase;
			buildActionMask = 2147483647;
			files = (
			);
			inputFileListPaths = (
			);
			inputPaths = (
			);
			outputFileListPaths = (
			);
			outputPaths = (
			);
			runOnlyForDeploymentPostprocessing = 0;
			shellPath = /bin/sh;
			shellScript = "
";
		};
		3773161B1FFFCEA4AB240D56 /* [CP] Check Pods Manifest.lock */ = {
			isa = PBXShellScriptBuildPhase;
			buildActionMask = 2147483647;
			files = (
			);
			inputFileListPaths = (
			);
			inputPaths = (
				"${PODS_PODFILE_DIR_PATH}/Podfile.lock",
				"${PODS_ROOT}/Manifest.lock",
			);
			name = "[CP] Check Pods Manifest.lock";
			outputFileListPaths = (
			);
			outputPaths = (
				"$(DERIVED_FILE_DIR)/Pods-LifevitSDKSample-checkManifestLockResult.txt",
			);
			runOnlyForDeploymentPostprocessing = 0;
			shellPath = /bin/sh;
			shellScript = "diff \"${PODS_PODFILE_DIR_PATH}/Podfile.lock\" \"${PODS_ROOT}/Manifest.lock\" > /dev/null\nif [ $? != 0 ] ; then\n    # print error to STDERR\n    echo \"error: The sandbox is not in sync with the Podfile.lock. Run 'pod install' or update your CocoaPods installation.\" >&2\n    exit 1\nfi\n# This output is used by Xcode 'outputs' to avoid re-running this script phase.\necho \"SUCCESS\" > \"${SCRIPT_OUTPUT_FILE_0}\"\n";
			showEnvVarsInLog = 0;
		};
		46E3413B6A2F8527F81E0E7A /* [CP] Embed Pods Frameworks */ = {
			isa = PBXShellScriptBuildPhase;
			buildActionMask = 2147483647;
			files = (
			);
			inputFileListPaths = (
				"${PODS_ROOT}/Target Support Files/Pods-LifevitSDKSample/Pods-LifevitSDKSample-frameworks-${CONFIGURATION}-input-files.xcfilelist",
			);
			name = "[CP] Embed Pods Frameworks";
			outputFileListPaths = (
				"${PODS_ROOT}/Target Support Files/Pods-LifevitSDKSample/Pods-LifevitSDKSample-frameworks-${CONFIGURATION}-output-files.xcfilelist",
			);
			runOnlyForDeploymentPostprocessing = 0;
			shellPath = /bin/sh;
			shellScript = "\"${PODS_ROOT}/Target Support Files/Pods-LifevitSDKSample/Pods-LifevitSDKSample-frameworks.sh\"\n";
			showEnvVarsInLog = 0;
		};
/* End PBXShellScriptBuildPhase section */

/* Begin PBXSourcesBuildPhase section */
		1418500620A557AA0000E097 /* Sources */ = {
			isa = PBXSourcesBuildPhase;
			buildActionMask = 2147483647;
			files = (
				014A8782216F43BB003453D6 /* DeviceScanCell.m in Sources */,
				1418503F20A567120000E097 /* BraceletViewController.m in Sources */,
				1418500F20A557AA0000E097 /* AppDelegate.m in Sources */,
				1418504520A567120000E097 /* TensioViewController.m in Sources */,
				1418504220A567120000E097 /* ThermometerViewController.m in Sources */,
				01FDF98A27E899A000B52EFB /* GlucometerViewController.m in Sources */,
				0153A5FE218719BF00F61C09 /* ConnectAllViewController.m in Sources */,
				0153A5FA2187191D00F61C09 /* DeviceConnectionCell.m in Sources */,
				1418504320A567120000E097 /* BabyThermometerViewController.m in Sources */,
				580C668F2167676F00DC7F99 /* ScanViewController.m in Sources */,
				01DC5911270ED157009DAF1F /* ECGViewController.m in Sources */,
				1418502920A558E10000E097 /* MenuViewController.m in Sources */,
				1418502020A557AE0000E097 /* main.m in Sources */,
				1418504020A567120000E097 /* TensioBraceletViewController.m in Sources */,
				014A8788216F444F003453D6 /* DeviceScanSectionView.m in Sources */,
				01327B1D2280771500F442A5 /* PillReminderViewController.m in Sources */,
				1418504120A567120000E097 /* OximeterViewController.m in Sources */,
				1418504420A567120000E097 /* WSViewController.m in Sources */,
			);
			runOnlyForDeploymentPostprocessing = 0;
		};
/* End PBXSourcesBuildPhase section */

/* Begin PBXVariantGroup section */
		1418501620A557AA0000E097 /* Main.storyboard */ = {
			isa = PBXVariantGroup;
			children = (
				1418501720A557AA0000E097 /* Base */,
			);
			name = Main.storyboard;
			sourceTree = "<group>";
		};
		1418501B20A557AE0000E097 /* LaunchScreen.storyboard */ = {
			isa = PBXVariantGroup;
			children = (
				1418501C20A557AE0000E097 /* Base */,
			);
			name = LaunchScreen.storyboard;
			sourceTree = "<group>";
		};
/* End PBXVariantGroup section */

/* Begin XCBuildConfiguration section */
		1418502120A557AE0000E097 /* Debug */ = {
			isa = XCBuildConfiguration;
			buildSettings = {
				ALWAYS_SEARCH_USER_PATHS = NO;
				CLANG_ANALYZER_NONNULL = YES;
				CLANG_ANALYZER_NUMBER_OBJECT_CONVERSION = YES_AGGRESSIVE;
				CLANG_CXX_LANGUAGE_STANDARD = "gnu++14";
				CLANG_CXX_LIBRARY = "libc++";
				CLANG_ENABLE_MODULES = YES;
				CLANG_ENABLE_OBJC_ARC = YES;
				CLANG_ENABLE_OBJC_WEAK = YES;
				CLANG_WARN_BLOCK_CAPTURE_AUTORELEASING = YES;
				CLANG_WARN_BOOL_CONVERSION = YES;
				CLANG_WARN_COMMA = YES;
				CLANG_WARN_CONSTANT_CONVERSION = YES;
				CLANG_WARN_DEPRECATED_OBJC_IMPLEMENTATIONS = YES;
				CLANG_WARN_DIRECT_OBJC_ISA_USAGE = YES_ERROR;
				CLANG_WARN_DOCUMENTATION_COMMENTS = YES;
				CLANG_WARN_EMPTY_BODY = YES;
				CLANG_WARN_ENUM_CONVERSION = YES;
				CLANG_WARN_INFINITE_RECURSION = YES;
				CLANG_WARN_INT_CONVERSION = YES;
				CLANG_WARN_NON_LITERAL_NULL_CONVERSION = YES;
				CLANG_WARN_OBJC_IMPLICIT_RETAIN_SELF = YES;
				CLANG_WARN_OBJC_LITERAL_CONVERSION = YES;
				CLANG_WARN_OBJC_ROOT_CLASS = YES_ERROR;
				CLANG_WARN_QUOTED_INCLUDE_IN_FRAMEWORK_HEADER = YES;
				CLANG_WARN_RANGE_LOOP_ANALYSIS = YES;
				CLANG_WARN_STRICT_PROTOTYPES = YES;
				CLANG_WARN_SUSPICIOUS_MOVE = YES;
				CLANG_WARN_UNGUARDED_AVAILABILITY = YES_AGGRESSIVE;
				CLANG_WARN_UNREACHABLE_CODE = YES;
				CLANG_WARN__DUPLICATE_METHOD_MATCH = YES;
				CODE_SIGN_IDENTITY = "iPhone Developer";
				COPY_PHASE_STRIP = NO;
				DEBUG_INFORMATION_FORMAT = dwarf;
				ENABLE_STRICT_OBJC_MSGSEND = YES;
				ENABLE_TESTABILITY = YES;
				GCC_C_LANGUAGE_STANDARD = gnu11;
				GCC_DYNAMIC_NO_PIC = NO;
				GCC_NO_COMMON_BLOCKS = YES;
				GCC_OPTIMIZATION_LEVEL = 0;
				GCC_PREPROCESSOR_DEFINITIONS = (
					"DEBUG=1",
					"$(inherited)",
				);
				GCC_WARN_64_TO_32_BIT_CONVERSION = YES;
				GCC_WARN_ABOUT_RETURN_TYPE = YES_ERROR;
				GCC_WARN_UNDECLARED_SELECTOR = YES;
				GCC_WARN_UNINITIALIZED_AUTOS = YES_AGGRESSIVE;
				GCC_WARN_UNUSED_FUNCTION = YES;
				GCC_WARN_UNUSED_VARIABLE = YES;
				IPHONEOS_DEPLOYMENT_TARGET = 12.0;
				MTL_ENABLE_DEBUG_INFO = YES;
				ONLY_ACTIVE_ARCH = YES;
				SDKROOT = iphoneos;
			};
			name = Debug;
		};
		1418502220A557AE0000E097 /* Release */ = {
			isa = XCBuildConfiguration;
			buildSettings = {
				ALWAYS_SEARCH_USER_PATHS = NO;
				CLANG_ANALYZER_NONNULL = YES;
				CLANG_ANALYZER_NUMBER_OBJECT_CONVERSION = YES_AGGRESSIVE;
				CLANG_CXX_LANGUAGE_STANDARD = "gnu++14";
				CLANG_CXX_LIBRARY = "libc++";
				CLANG_ENABLE_MODULES = YES;
				CLANG_ENABLE_OBJC_ARC = YES;
				CLANG_ENABLE_OBJC_WEAK = YES;
				CLANG_WARN_BLOCK_CAPTURE_AUTORELEASING = YES;
				CLANG_WARN_BOOL_CONVERSION = YES;
				CLANG_WARN_COMMA = YES;
				CLANG_WARN_CONSTANT_CONVERSION = YES;
				CLANG_WARN_DEPRECATED_OBJC_IMPLEMENTATIONS = YES;
				CLANG_WARN_DIRECT_OBJC_ISA_USAGE = YES_ERROR;
				CLANG_WARN_DOCUMENTATION_COMMENTS = YES;
				CLANG_WARN_EMPTY_BODY = YES;
				CLANG_WARN_ENUM_CONVERSION = YES;
				CLANG_WARN_INFINITE_RECURSION = YES;
				CLANG_WARN_INT_CONVERSION = YES;
				CLANG_WARN_NON_LITERAL_NULL_CONVERSION = YES;
				CLANG_WARN_OBJC_IMPLICIT_RETAIN_SELF = YES;
				CLANG_WARN_OBJC_LITERAL_CONVERSION = YES;
				CLANG_WARN_OBJC_ROOT_CLASS = YES_ERROR;
				CLANG_WARN_QUOTED_INCLUDE_IN_FRAMEWORK_HEADER = YES;
				CLANG_WARN_RANGE_LOOP_ANALYSIS = YES;
				CLANG_WARN_STRICT_PROTOTYPES = YES;
				CLANG_WARN_SUSPICIOUS_MOVE = YES;
				CLANG_WARN_UNGUARDED_AVAILABILITY = YES_AGGRESSIVE;
				CLANG_WARN_UNREACHABLE_CODE = YES;
				CLANG_WARN__DUPLICATE_METHOD_MATCH = YES;
				CODE_SIGN_IDENTITY = "iPhone Developer";
				COPY_PHASE_STRIP = NO;
				DEBUG_INFORMATION_FORMAT = "dwarf-with-dsym";
				ENABLE_NS_ASSERTIONS = NO;
				ENABLE_STRICT_OBJC_MSGSEND = YES;
				GCC_C_LANGUAGE_STANDARD = gnu11;
				GCC_NO_COMMON_BLOCKS = YES;
				GCC_WARN_64_TO_32_BIT_CONVERSION = YES;
				GCC_WARN_ABOUT_RETURN_TYPE = YES_ERROR;
				GCC_WARN_UNDECLARED_SELECTOR = YES;
				GCC_WARN_UNINITIALIZED_AUTOS = YES_AGGRESSIVE;
				GCC_WARN_UNUSED_FUNCTION = YES;
				GCC_WARN_UNUSED_VARIABLE = YES;
				IPHONEOS_DEPLOYMENT_TARGET = 12.0;
				MTL_ENABLE_DEBUG_INFO = NO;
				SDKROOT = iphoneos;
				VALIDATE_PRODUCT = YES;
			};
			name = Release;
		};
		1418502420A557AE0000E097 /* Debug */ = {
			isa = XCBuildConfiguration;
			baseConfigurationReference = EC2393BE284E8F6147817B7D /* Pods-LifevitSDKSample.debug.xcconfig */;
			buildSettings = {
				ARCHS = "$(ARCHS_STANDARD)";
				ASSETCATALOG_COMPILER_APPICON_NAME = AppIcon;
				CLANG_ENABLE_MODULES = YES;
				CODE_SIGN_STYLE = Automatic;
				DEVELOPMENT_TEAM = AW7KF6D5JQ;
				ENABLE_BITCODE = YES;
				GCC_PREFIX_HEADER = LifevitSDKSample/PrefixHeader.pch;
				INFOPLIST_FILE = LifevitSDKSample/Info.plist;
				LD_RUNPATH_SEARCH_PATHS = (
					"$(inherited)",
					"@executable_path/Frameworks",
				);
				ONLY_ACTIVE_ARCH = NO;
				PRODUCT_BUNDLE_IDENTIFIER = es.lifevit.LifevitSDKSample;
				PRODUCT_NAME = "$(TARGET_NAME)";
				SWIFT_OBJC_BRIDGING_HEADER = "LifevitSDKSample/LifevitSDKSample-Bridging-Header.h";
				SWIFT_OPTIMIZATION_LEVEL = "-Onone";
				SWIFT_VERSION = 5.0;
				TARGETED_DEVICE_FAMILY = "1,2";
				VALID_ARCHS = "arm64 arm64e armv7 armv7s";
			};
			name = Debug;
		};
		1418502520A557AE0000E097 /* Release */ = {
			isa = XCBuildConfiguration;
			baseConfigurationReference = 2C8BB0A556BA8B56905FA10E /* Pods-LifevitSDKSample.release.xcconfig */;
			buildSettings = {
				ARCHS = "$(ARCHS_STANDARD)";
				ASSETCATALOG_COMPILER_APPICON_NAME = AppIcon;
				CLANG_ENABLE_MODULES = YES;
				CODE_SIGN_STYLE = Automatic;
				DEVELOPMENT_TEAM = AW7KF6D5JQ;
				ENABLE_BITCODE = YES;
				GCC_PREFIX_HEADER = LifevitSDKSample/PrefixHeader.pch;
				INFOPLIST_FILE = LifevitSDKSample/Info.plist;
				LD_RUNPATH_SEARCH_PATHS = (
					"$(inherited)",
					"@executable_path/Frameworks",
				);
				PRODUCT_BUNDLE_IDENTIFIER = es.lifevit.LifevitSDKSample;
				PRODUCT_NAME = "$(TARGET_NAME)";
				SWIFT_OBJC_BRIDGING_HEADER = "LifevitSDKSample/LifevitSDKSample-Bridging-Header.h";
				SWIFT_VERSION = 5.0;
				TARGETED_DEVICE_FAMILY = "1,2";
				VALID_ARCHS = "arm64 arm64e armv7 armv7s";
			};
			name = Release;
		};
/* End XCBuildConfiguration section */

/* Begin XCConfigurationList section */
		1418500520A557AA0000E097 /* Build configuration list for PBXProject "LifevitSDKSample" */ = {
			isa = XCConfigurationList;
			buildConfigurations = (
				1418502120A557AE0000E097 /* Debug */,
				1418502220A557AE0000E097 /* Release */,
			);
			defaultConfigurationIsVisible = 0;
			defaultConfigurationName = Release;
		};
		1418502320A557AE0000E097 /* Build configuration list for PBXNativeTarget "LifevitSDKSample" */ = {
			isa = XCConfigurationList;
			buildConfigurations = (
				1418502420A557AE0000E097 /* Debug */,
				1418502520A557AE0000E097 /* Release */,
			);
			defaultConfigurationIsVisible = 0;
			defaultConfigurationName = Release;
		};
/* End XCConfigurationList section */
	};
	rootObject = 1418500220A557AA0000E097 /* Project object */;
}
