{
  "originHash" : "88a3c21604e6d29b12e11893753aae447a8c0303e24f836ae44de857c048bcee",
  "pins" : [
    {
      "identity" : "lifevitspm",
      "kind" : "remoteSourceControl",
      "location" : "https://github.com/lifevit/LifevitSPM.git",
      "state" : {
        "branch" : "main",
        "revision" : "30c09755215b4c4b0360d3588c7d0416bbe70dbe"
      }
    }
  ],
  "version" : 3
}
